
Microsoft Visual Studio Solution File, Format Version 12.00
# Visual Studio Version 16
VisualStudioVersion = 16.0.31321.278
MinimumVisualStudioVersion = 10.0.40219.1
Project("{FAE04EC0-301F-11D3-BF4B-00C04F79EFBC}") = "SPOJADA", "SPOJADA.csproj", "{ABBD707D-3E46-4D75-8BB5-55DFFD7F93CD}"
EndProject
Global
	GlobalSection(SolutionConfigurationPlatforms) = preSolution
		Debug|Any CPU = Debug|Any CPU
		Release|Any CPU = Release|Any CPU
	EndGlobalSection
	GlobalSection(ProjectConfigurationPlatforms) = postSolution
		{ABBD707D-3E46-4D75-8BB5-55DFFD7F93CD}.Debug|Any CPU.ActiveCfg = Debug|Any CPU
		{ABBD707D-3E46-4D75-8BB5-55DFFD7F93CD}.Debug|Any CPU.Build.0 = Debug|Any CPU
		{ABBD707D-3E46-4D75-8BB5-55DFFD7F93CD}.Release|Any CPU.ActiveCfg = Release|Any CPU
		{ABBD707D-3E46-4D75-8BB5-55DFFD7F93CD}.Release|Any CPU.Build.0 = Release|Any CPU
	EndGlobalSection
	GlobalSection(SolutionProperties) = preSolution
		HideSolutionNode = FALSE
	EndGlobalSection
	GlobalSection(ExtensibilityGlobals) = postSolution
		SolutionGuid = {DA123F26-0E14-4172-A1EB-7662F64CE2BE}
	EndGlobalSection
EndGlobal
